
Microsoft Visual Studio Solution File, Format Version 12.00
# Visual Studio Version 16
VisualStudioVersion = 16.0.31112.23
MinimumVisualStudioVersion = 10.0.40219.1
Project("{FAE04EC0-301F-11D3-BF4B-00C04F79EFBC}") = "RemoteEye", "RemoteEye\RemoteEye.csproj", "{B781711D-FB7E-430D-9FFB-94155CFEEF73}"
EndProject
Global
	GlobalSection(SolutionConfigurationPlatforms) = preSolution
		Debug|Any CPU = Debug|Any CPU
		Release|Any CPU = Release|Any CPU
	EndGlobalSection
	GlobalSection(ProjectConfigurationPlatforms) = postSolution
		{B781711D-FB7E-430D-9FFB-94155CFEEF73}.Debug|Any CPU.ActiveCfg = Debug|Any CPU
		{B781711D-FB7E-430D-9FFB-94155CFEEF73}.Debug|Any CPU.Build.0 = Debug|Any CPU
		{B781711D-FB7E-430D-9FFB-94155CFEEF73}.Release|Any CPU.ActiveCfg = Release|Any CPU
		{B781711D-FB7E-430D-9FFB-94155CFEEF73}.Release|Any CPU.Build.0 = Release|Any CPU
	EndGlobalSection
	GlobalSection(SolutionProperties) = preSolution
		HideSolutionNode = FALSE
	EndGlobalSection
	GlobalSection(ExtensibilityGlobals) = postSolution
		SolutionGuid = {4D5857B0-3AE7-4EC6-A547-130CBA005447}
	EndGlobalSection
EndGlobal
